// !$*UTF8*$!
{
	archiveVersion = 1;
	classes = {
	};
	objectVersion = 56;
	objects = {

/* Begin PBXBuildFile section */
		EE15C4452B56E18D00A8DE52 /* VetMyPetApp.swift in Sources */ = {isa = PBXBuildFile; fileRef = EE15C4442B56E18D00A8DE52 /* VetMyPetApp.swift */; };
		EE15C4492B56E18E00A8DE52 /* Assets.xcassets in Resources */ = {isa = PBXBuildFile; fileRef = EE15C4482B56E18E00A8DE52 /* Assets.xcassets */; };
		EE15C44C2B56E18E00A8DE52 /* Preview Assets.xcassets in Resources */ = {isa = PBXBuildFile; fileRef = EE15C44B2B56E18E00A8DE52 /* Preview Assets.xcassets */; };
		EE15C4562B56E18E00A8DE52 /* VetMyPetTests.swift in Sources */ = {isa = PBXBuildFile; fileRef = EE15C4552B56E18E00A8DE52 /* VetMyPetTests.swift */; };
		EE15C4602B56E18E00A8DE52 /* VetMyPetUITests.swift in Sources */ = {isa = PBXBuildFile; fileRef = EE15C45F2B56E18E00A8DE52 /* VetMyPetUITests.swift */; };
		EE15C4622B56E18E00A8DE52 /* VetMyPetUITestsLaunchTests.swift in Sources */ = {isa = PBXBuildFile; fileRef = EE15C4612B56E18E00A8DE52 /* VetMyPetUITestsLaunchTests.swift */; };
		EE15C4732B56E73300A8DE52 /* Model.swift in Sources */ = {isa = PBXBuildFile; fileRef = EE15C4722B56E73300A8DE52 /* Model.swift */; };
		EE5C0F4F2B58754E0076223D /* PetInfoShort.swift in Sources */ = {isa = PBXBuildFile; fileRef = EE5C0F4E2B58754E0076223D /* PetInfoShort.swift */; };
		EE5C0F512B587CBE0076223D /* ViewModifiers.swift in Sources */ = {isa = PBXBuildFile; fileRef = EE5C0F502B587CBE0076223D /* ViewModifiers.swift */; };
		EE5C0F532B587DA70076223D /* Constants.swift in Sources */ = {isa = PBXBuildFile; fileRef = EE5C0F522B587DA70076223D /* Constants.swift */; };
		EEAA289F2B5952DB00851176 /* PetsView.swift in Sources */ = {isa = PBXBuildFile; fileRef = EEAA289E2B5952DB00851176 /* PetsView.swift */; };
		EEAA28A12B595AD400851176 /* TabBar.swift in Sources */ = {isa = PBXBuildFile; fileRef = EEAA28A02B595AD400851176 /* TabBar.swift */; };
		EEAA28A92B595DFE00851176 /* HomeView.swift in Sources */ = {isa = PBXBuildFile; fileRef = EEAA28A82B595DFE00851176 /* HomeView.swift */; };
		EEAA28AB2B595E1100851176 /* HealthView.swift in Sources */ = {isa = PBXBuildFile; fileRef = EEAA28AA2B595E1100851176 /* HealthView.swift */; };
		EEAA28AF2B59724600851176 /* ContentView.swift in Sources */ = {isa = PBXBuildFile; fileRef = EEAA28AE2B59724600851176 /* ContentView.swift */; };
		EEAA28B12B59900900851176 /* PetInfoLong.swift in Sources */ = {isa = PBXBuildFile; fileRef = EEAA28B02B59900900851176 /* PetInfoLong.swift */; };
		EEAA28B52B59939000851176 /* StyleModifiers.swift in Sources */ = {isa = PBXBuildFile; fileRef = EEAA28B42B59939000851176 /* StyleModifiers.swift */; };
		EEAA28B72B5AF52600851176 /* DynamicPetInfo.swift in Sources */ = {isa = PBXBuildFile; fileRef = EEAA28B62B5AF52600851176 /* DynamicPetInfo.swift */; };
/* End PBXBuildFile section */

/* Begin PBXContainerItemProxy section */
		EE15C4522B56E18E00A8DE52 /* PBXContainerItemProxy */ = {
			isa = PBXContainerItemProxy;
			containerPortal = EE15C4392B56E18D00A8DE52 /* Project object */;
			proxyType = 1;
			remoteGlobalIDString = EE15C4402B56E18D00A8DE52;
			remoteInfo = VetMyPet;
		};
		EE15C45C2B56E18E00A8DE52 /* PBXContainerItemProxy */ = {
			isa = PBXContainerItemProxy;
			containerPortal = EE15C4392B56E18D00A8DE52 /* Project object */;
			proxyType = 1;
			remoteGlobalIDString = EE15C4402B56E18D00A8DE52;
			remoteInfo = VetMyPet;
		};
/* End PBXContainerItemProxy section */

/* Begin PBXFileReference section */
		EE15C4412B56E18D00A8DE52 /* VetMyPet.app */ = {isa = PBXFileReference; explicitFileType = wrapper.application; includeInIndex = 0; path = VetMyPet.app; sourceTree = BUILT_PRODUCTS_DIR; };
		EE15C4442B56E18D00A8DE52 /* VetMyPetApp.swift */ = {isa = PBXFileReference; lastKnownFileType = sourcecode.swift; path = VetMyPetApp.swift; sourceTree = "<group>"; };
		EE15C4482B56E18E00A8DE52 /* Assets.xcassets */ = {isa = PBXFileReference; lastKnownFileType = folder.assetcatalog; path = Assets.xcassets; sourceTree = "<group>"; };
		EE15C44B2B56E18E00A8DE52 /* Preview Assets.xcassets */ = {isa = PBXFileReference; lastKnownFileType = folder.assetcatalog; path = "Preview Assets.xcassets"; sourceTree = "<group>"; };
		EE15C4512B56E18E00A8DE52 /* VetMyPetTests.xctest */ = {isa = PBXFileReference; explicitFileType = wrapper.cfbundle; includeInIndex = 0; path = VetMyPetTests.xctest; sourceTree = BUILT_PRODUCTS_DIR; };
		EE15C4552B56E18E00A8DE52 /* VetMyPetTests.swift */ = {isa = PBXFileReference; lastKnownFileType = sourcecode.swift; path = VetMyPetTests.swift; sourceTree = "<group>"; };
		EE15C45B2B56E18E00A8DE52 /* VetMyPetUITests.xctest */ = {isa = PBXFileReference; explicitFileType = wrapper.cfbundle; includeInIndex = 0; path = VetMyPetUITests.xctest; sourceTree = BUILT_PRODUCTS_DIR; };
		EE15C45F2B56E18E00A8DE52 /* VetMyPetUITests.swift */ = {isa = PBXFileReference; lastKnownFileType = sourcecode.swift; path = VetMyPetUITests.swift; sourceTree = "<group>"; };
		EE15C4612B56E18E00A8DE52 /* VetMyPetUITestsLaunchTests.swift */ = {isa = PBXFileReference; lastKnownFileType = sourcecode.swift; path = VetMyPetUITestsLaunchTests.swift; sourceTree = "<group>"; };
		EE15C4722B56E73300A8DE52 /* Model.swift */ = {isa = PBXFileReference; lastKnownFileType = sourcecode.swift; path = Model.swift; sourceTree = "<group>"; };
		EE5C0F4E2B58754E0076223D /* PetInfoShort.swift */ = {isa = PBXFileReference; lastKnownFileType = sourcecode.swift; path = PetInfoShort.swift; sourceTree = "<group>"; };
		EE5C0F502B587CBE0076223D /* ViewModifiers.swift */ = {isa = PBXFileReference; lastKnownFileType = sourcecode.swift; path = ViewModifiers.swift; sourceTree = "<group>"; };
		EE5C0F522B587DA70076223D /* Constants.swift */ = {isa = PBXFileReference; lastKnownFileType = sourcecode.swift; path = Constants.swift; sourceTree = "<group>"; };
		EEAA289E2B5952DB00851176 /* PetsView.swift */ = {isa = PBXFileReference; lastKnownFileType = sourcecode.swift; path = PetsView.swift; sourceTree = "<group>"; };
		EEAA28A02B595AD400851176 /* TabBar.swift */ = {isa = PBXFileReference; lastKnownFileType = sourcecode.swift; path = TabBar.swift; sourceTree = "<group>"; };
		EEAA28A82B595DFE00851176 /* HomeView.swift */ = {isa = PBXFileReference; lastKnownFileType = sourcecode.swift; path = HomeView.swift; sourceTree = "<group>"; };
		EEAA28AA2B595E1100851176 /* HealthView.swift */ = {isa = PBXFileReference; lastKnownFileType = sourcecode.swift; path = HealthView.swift; sourceTree = "<group>"; };
		EEAA28AE2B59724600851176 /* ContentView.swift */ = {isa = PBXFileReference; lastKnownFileType = sourcecode.swift; path = ContentView.swift; sourceTree = "<group>"; };
		EEAA28B02B59900900851176 /* PetInfoLong.swift */ = {isa = PBXFileReference; lastKnownFileType = sourcecode.swift; path = PetInfoLong.swift; sourceTree = "<group>"; };
		EEAA28B42B59939000851176 /* StyleModifiers.swift */ = {isa = PBXFileReference; lastKnownFileType = sourcecode.swift; path = StyleModifiers.swift; sourceTree = "<group>"; };
		EEAA28B62B5AF52600851176 /* DynamicPetInfo.swift */ = {isa = PBXFileReference; lastKnownFileType = sourcecode.swift; path = DynamicPetInfo.swift; sourceTree = "<group>"; };
/* End PBXFileReference section */

/* Begin PBXFrameworksBuildPhase section */
		EE15C43E2B56E18D00A8DE52 /* Frameworks */ = {
			isa = PBXFrameworksBuildPhase;
			buildActionMask = 2147483647;
			files = (
			);
			runOnlyForDeploymentPostprocessing = 0;
		};
		EE15C44E2B56E18E00A8DE52 /* Frameworks */ = {
			isa = PBXFrameworksBuildPhase;
			buildActionMask = 2147483647;
			files = (
			);
			runOnlyForDeploymentPostprocessing = 0;
		};
		EE15C4582B56E18E00A8DE52 /* Frameworks */ = {
			isa = PBXFrameworksBuildPhase;
			buildActionMask = 2147483647;
			files = (
			);
			runOnlyForDeploymentPostprocessing = 0;
		};
/* End PBXFrameworksBuildPhase section */

/* Begin PBXGroup section */
		EE15C4382B56E18D00A8DE52 = {
			isa = PBXGroup;
			children = (
				EE15C4432B56E18D00A8DE52 /* VetMyPet */,
				EE15C4542B56E18E00A8DE52 /* VetMyPetTests */,
				EE15C45E2B56E18E00A8DE52 /* VetMyPetUITests */,
				EE15C4422B56E18D00A8DE52 /* Products */,
			);
			sourceTree = "<group>";
		};
		EE15C4422B56E18D00A8DE52 /* Products */ = {
			isa = PBXGroup;
			children = (
				EE15C4412B56E18D00A8DE52 /* VetMyPet.app */,
				EE15C4512B56E18E00A8DE52 /* VetMyPetTests.xctest */,
				EE15C45B2B56E18E00A8DE52 /* VetMyPetUITests.xctest */,
			);
			name = Products;
			sourceTree = "<group>";
		};
		EE15C4432B56E18D00A8DE52 /* VetMyPet */ = {
			isa = PBXGroup;
			children = (
				EE15C4442B56E18D00A8DE52 /* VetMyPetApp.swift */,
				EE15C4712B56E37000A8DE52 /* Data */,
				EE15C46E2B56E33200A8DE52 /* Model */,
				EE15C4702B56E36600A8DE52 /* ViewModels */,
				EE15C46F2B56E35A00A8DE52 /* Views */,
				EE15C4482B56E18E00A8DE52 /* Assets.xcassets */,
				EE15C44A2B56E18E00A8DE52 /* Preview Content */,
			);
			path = VetMyPet;
			sourceTree = "<group>";
		};
		EE15C44A2B56E18E00A8DE52 /* Preview Content */ = {
			isa = PBXGroup;
			children = (
				EE15C44B2B56E18E00A8DE52 /* Preview Assets.xcassets */,
			);
			path = "Preview Content";
			sourceTree = "<group>";
		};
		EE15C4542B56E18E00A8DE52 /* VetMyPetTests */ = {
			isa = PBXGroup;
			children = (
				EE15C4552B56E18E00A8DE52 /* VetMyPetTests.swift */,
			);
			path = VetMyPetTests;
			sourceTree = "<group>";
		};
		EE15C45E2B56E18E00A8DE52 /* VetMyPetUITests */ = {
			isa = PBXGroup;
			children = (
				EE15C45F2B56E18E00A8DE52 /* VetMyPetUITests.swift */,
				EE15C4612B56E18E00A8DE52 /* VetMyPetUITestsLaunchTests.swift */,
			);
			path = VetMyPetUITests;
			sourceTree = "<group>";
		};
		EE15C46E2B56E33200A8DE52 /* Model */ = {
			isa = PBXGroup;
			children = (
				EE15C4722B56E73300A8DE52 /* Model.swift */,
				EE5C0F522B587DA70076223D /* Constants.swift */,
			);
			path = Model;
			sourceTree = "<group>";
		};
		EE15C46F2B56E35A00A8DE52 /* Views */ = {
			isa = PBXGroup;
			children = (
				EEAA28AE2B59724600851176 /* ContentView.swift */,
				EEAA28AC2B595E2A00851176 /* Main Views */,
				EEAA28AD2B595E4F00851176 /* Card Views */,
				EEAA28B22B59936C00851176 /* Modifiers */,
			);
			path = Views;
			sourceTree = "<group>";
		};
		EE15C4702B56E36600A8DE52 /* ViewModels */ = {
			isa = PBXGroup;
			children = (
			);
			path = ViewModels;
			sourceTree = "<group>";
		};
		EE15C4712B56E37000A8DE52 /* Data */ = {
			isa = PBXGroup;
			children = (
			);
			path = Data;
			sourceTree = "<group>";
		};
		EEAA28AC2B595E2A00851176 /* Main Views */ = {
			isa = PBXGroup;
			children = (
				EEAA28A82B595DFE00851176 /* HomeView.swift */,
				EEAA28AA2B595E1100851176 /* HealthView.swift */,
				EEAA289E2B5952DB00851176 /* PetsView.swift */,
			);
			path = "Main Views";
			sourceTree = "<group>";
		};
		EEAA28AD2B595E4F00851176 /* Card Views */ = {
			isa = PBXGroup;
			children = (
				EE5C0F4E2B58754E0076223D /* PetInfoShort.swift */,
				EEAA28B02B59900900851176 /* PetInfoLong.swift */,
				EEAA28B62B5AF52600851176 /* DynamicPetInfo.swift */,
				EEAA28A02B595AD400851176 /* TabBar.swift */,
			);
			path = "Card Views";
			sourceTree = "<group>";
		};
		EEAA28B22B59936C00851176 /* Modifiers */ = {
			isa = PBXGroup;
			children = (
				EE5C0F502B587CBE0076223D /* ViewModifiers.swift */,
				EEAA28B42B59939000851176 /* StyleModifiers.swift */,
			);
			path = Modifiers;
			sourceTree = "<group>";
		};
/* End PBXGroup section */

/* Begin PBXNativeTarget section */
		EE15C4402B56E18D00A8DE52 /* VetMyPet */ = {
			isa = PBXNativeTarget;
			buildConfigurationList = EE15C4652B56E18E00A8DE52 /* Build configuration list for PBXNativeTarget "VetMyPet" */;
			buildPhases = (
				EE15C43D2B56E18D00A8DE52 /* Sources */,
				EE15C43E2B56E18D00A8DE52 /* Frameworks */,
				EE15C43F2B56E18D00A8DE52 /* Resources */,
			);
			buildRules = (
			);
			dependencies = (
			);
			name = VetMyPet;
			productName = VetMyPet;
			productReference = EE15C4412B56E18D00A8DE52 /* VetMyPet.app */;
			productType = "com.apple.product-type.application";
		};
		EE15C4502B56E18E00A8DE52 /* VetMyPetTests */ = {
			isa = PBXNativeTarget;
			buildConfigurationList = EE15C4682B56E18E00A8DE52 /* Build configuration list for PBXNativeTarget "VetMyPetTests" */;
			buildPhases = (
				EE15C44D2B56E18E00A8DE52 /* Sources */,
				EE15C44E2B56E18E00A8DE52 /* Frameworks */,
				EE15C44F2B56E18E00A8DE52 /* Resources */,
			);
			buildRules = (
			);
			dependencies = (
				EE15C4532B56E18E00A8DE52 /* PBXTargetDependency */,
			);
			name = VetMyPetTests;
			productName = VetMyPetTests;
			productReference = EE15C4512B56E18E00A8DE52 /* VetMyPetTests.xctest */;
			productType = "com.apple.product-type.bundle.unit-test";
		};
		EE15C45A2B56E18E00A8DE52 /* VetMyPetUITests */ = {
			isa = PBXNativeTarget;
			buildConfigurationList = EE15C46B2B56E18E00A8DE52 /* Build configuration list for PBXNativeTarget "VetMyPetUITests" */;
			buildPhases = (
				EE15C4572B56E18E00A8DE52 /* Sources */,
				EE15C4582B56E18E00A8DE52 /* Frameworks */,
				EE15C4592B56E18E00A8DE52 /* Resources */,
			);
			buildRules = (
			);
			dependencies = (
				EE15C45D2B56E18E00A8DE52 /* PBXTargetDependency */,
			);
			name = VetMyPetUITests;
			productName = VetMyPetUITests;
			productReference = EE15C45B2B56E18E00A8DE52 /* VetMyPetUITests.xctest */;
			productType = "com.apple.product-type.bundle.ui-testing";
		};
/* End PBXNativeTarget section */

/* Begin PBXProject section */
		EE15C4392B56E18D00A8DE52 /* Project object */ = {
			isa = PBXProject;
			attributes = {
				BuildIndependentTargetsInParallel = 1;
				LastSwiftUpdateCheck = 1520;
				LastUpgradeCheck = 1520;
				TargetAttributes = {
					EE15C4402B56E18D00A8DE52 = {
						CreatedOnToolsVersion = 15.2;
					};
					EE15C4502B56E18E00A8DE52 = {
						CreatedOnToolsVersion = 15.2;
						TestTargetID = EE15C4402B56E18D00A8DE52;
					};
					EE15C45A2B56E18E00A8DE52 = {
						CreatedOnToolsVersion = 15.2;
						TestTargetID = EE15C4402B56E18D00A8DE52;
					};
				};
			};
			buildConfigurationList = EE15C43C2B56E18D00A8DE52 /* Build configuration list for PBXProject "VetMyPet" */;
			compatibilityVersion = "Xcode 14.0";
			developmentRegion = en;
			hasScannedForEncodings = 0;
			knownRegions = (
				en,
				Base,
			);
			mainGroup = EE15C4382B56E18D00A8DE52;
			productRefGroup = EE15C4422B56E18D00A8DE52 /* Products */;
			projectDirPath = "";
			projectRoot = "";
			targets = (
				EE15C4402B56E18D00A8DE52 /* VetMyPet */,
				EE15C4502B56E18E00A8DE52 /* VetMyPetTests */,
				EE15C45A2B56E18E00A8DE52 /* VetMyPetUITests */,
			);
		};
/* End PBXProject section */

/* Begin PBXResourcesBuildPhase section */
		EE15C43F2B56E18D00A8DE52 /* Resources */ = {
			isa = PBXResourcesBuildPhase;
			buildActionMask = 2147483647;
			files = (
				EE15C44C2B56E18E00A8DE52 /* Preview Assets.xcassets in Resources */,
				EE15C4492B56E18E00A8DE52 /* Assets.xcassets in Resources */,
			);
			runOnlyForDeploymentPostprocessing = 0;
		};
		EE15C44F2B56E18E00A8DE52 /* Resources */ = {
			isa = PBXResourcesBuildPhase;
			buildActionMask = 2147483647;
			files = (
			);
			runOnlyForDeploymentPostprocessing = 0;
		};
		EE15C4592B56E18E00A8DE52 /* Resources */ = {
			isa = PBXResourcesBuildPhase;
			buildActionMask = 2147483647;
			files = (
			);
			runOnlyForDeploymentPostprocessing = 0;
		};
/* End PBXResourcesBuildPhase section */

/* Begin PBXSourcesBuildPhase section */
		EE15C43D2B56E18D00A8DE52 /* Sources */ = {
			isa = PBXSourcesBuildPhase;
			buildActionMask = 2147483647;
			files = (
				EEAA28A92B595DFE00851176 /* HomeView.swift in Sources */,
				EE5C0F512B587CBE0076223D /* ViewModifiers.swift in Sources */,
				EE15C4732B56E73300A8DE52 /* Model.swift in Sources */,
				EEAA28B72B5AF52600851176 /* DynamicPetInfo.swift in Sources */,
				EEAA28A12B595AD400851176 /* TabBar.swift in Sources */,
				EE5C0F4F2B58754E0076223D /* PetInfoShort.swift in Sources */,
				EEAA28B12B59900900851176 /* PetInfoLong.swift in Sources */,
				EE15C4452B56E18D00A8DE52 /* VetMyPetApp.swift in Sources */,
				EEAA28AF2B59724600851176 /* ContentView.swift in Sources */,
				EEAA289F2B5952DB00851176 /* PetsView.swift in Sources */,
				EEAA28AB2B595E1100851176 /* HealthView.swift in Sources */,
				EEAA28B52B59939000851176 /* StyleModifiers.swift in Sources */,
				EE5C0F532B587DA70076223D /* Constants.swift in Sources */,
			);
			runOnlyForDeploymentPostprocessing = 0;
		};
		EE15C44D2B56E18E00A8DE52 /* Sources */ = {
			isa = PBXSourcesBuildPhase;
			buildActionMask = 2147483647;
			files = (
				EE15C4562B56E18E00A8DE52 /* VetMyPetTests.swift in Sources */,
			);
			runOnlyForDeploymentPostprocessing = 0;
		};
		EE15C4572B56E18E00A8DE52 /* Sources */ = {
			isa = PBXSourcesBuildPhase;
			buildActionMask = 2147483647;
			files = (
				EE15C4622B56E18E00A8DE52 /* VetMyPetUITestsLaunchTests.swift in Sources */,
				EE15C4602B56E18E00A8DE52 /* VetMyPetUITests.swift in Sources */,
			);
			runOnlyForDeploymentPostprocessing = 0;
		};
/* End PBXSourcesBuildPhase section */

/* Begin PBXTargetDependency section */
		EE15C4532B56E18E00A8DE52 /* PBXTargetDependency */ = {
			isa = PBXTargetDependency;
			target = EE15C4402B56E18D00A8DE52 /* VetMyPet */;
			targetProxy = EE15C4522B56E18E00A8DE52 /* PBXContainerItemProxy */;
		};
		EE15C45D2B56E18E00A8DE52 /* PBXTargetDependency */ = {
			isa = PBXTargetDependency;
			target = EE15C4402B56E18D00A8DE52 /* VetMyPet */;
			targetProxy = EE15C45C2B56E18E00A8DE52 /* PBXContainerItemProxy */;
		};
/* End PBXTargetDependency section */

/* Begin XCBuildConfiguration section */
		EE15C4632B56E18E00A8DE52 /* Debug */ = {
			isa = XCBuildConfiguration;
			buildSettings = {
				ALWAYS_SEARCH_USER_PATHS = NO;
				ASSETCATALOG_COMPILER_GENERATE_SWIFT_ASSET_SYMBOL_EXTENSIONS = YES;
				CLANG_ANALYZER_NONNULL = YES;
				CLANG_ANALYZER_NUMBER_OBJECT_CONVERSION = YES_AGGRESSIVE;
				CLANG_CXX_LANGUAGE_STANDARD = "gnu++20";
				CLANG_ENABLE_MODULES = YES;
				CLANG_ENABLE_OBJC_ARC = YES;
				CLANG_ENABLE_OBJC_WEAK = YES;
				CLANG_WARN_BLOCK_CAPTURE_AUTORELEASING = YES;
				CLANG_WARN_BOOL_CONVERSION = YES;
				CLANG_WARN_COMMA = YES;
				CLANG_WARN_CONSTANT_CONVERSION = YES;
				CLANG_WARN_DEPRECATED_OBJC_IMPLEMENTATIONS = YES;
				CLANG_WARN_DIRECT_OBJC_ISA_USAGE = YES_ERROR;
				CLANG_WARN_DOCUMENTATION_COMMENTS = YES;
				CLANG_WARN_EMPTY_BODY = YES;
				CLANG_WARN_ENUM_CONVERSION = YES;
				CLANG_WARN_INFINITE_RECURSION = YES;
				CLANG_WARN_INT_CONVERSION = YES;
				CLANG_WARN_NON_LITERAL_NULL_CONVERSION = YES;
				CLANG_WARN_OBJC_IMPLICIT_RETAIN_SELF = YES;
				CLANG_WARN_OBJC_LITERAL_CONVERSION = YES;
				CLANG_WARN_OBJC_ROOT_CLASS = YES_ERROR;
				CLANG_WARN_QUOTED_INCLUDE_IN_FRAMEWORK_HEADER = YES;
				CLANG_WARN_RANGE_LOOP_ANALYSIS = YES;
				CLANG_WARN_STRICT_PROTOTYPES = YES;
				CLANG_WARN_SUSPICIOUS_MOVE = YES;
				CLANG_WARN_UNGUARDED_AVAILABILITY = YES_AGGRESSIVE;
				CLANG_WARN_UNREACHABLE_CODE = YES;
				CLANG_WARN__DUPLICATE_METHOD_MATCH = YES;
				COPY_PHASE_STRIP = NO;
				DEBUG_INFORMATION_FORMAT = dwarf;
				ENABLE_STRICT_OBJC_MSGSEND = YES;
				ENABLE_TESTABILITY = YES;
				ENABLE_USER_SCRIPT_SANDBOXING = YES;
				GCC_C_LANGUAGE_STANDARD = gnu17;
				GCC_DYNAMIC_NO_PIC = NO;
				GCC_NO_COMMON_BLOCKS = YES;
				GCC_OPTIMIZATION_LEVEL = 0;
				GCC_PREPROCESSOR_DEFINITIONS = (
					"DEBUG=1",
					"$(inherited)",
				);
				GCC_WARN_64_TO_32_BIT_CONVERSION = YES;
				GCC_WARN_ABOUT_RETURN_TYPE = YES_ERROR;
				GCC_WARN_UNDECLARED_SELECTOR = YES;
				GCC_WARN_UNINITIALIZED_AUTOS = YES_AGGRESSIVE;
				GCC_WARN_UNUSED_FUNCTION = YES;
				GCC_WARN_UNUSED_VARIABLE = YES;
				IPHONEOS_DEPLOYMENT_TARGET = 17.2;
				LOCALIZATION_PREFERS_STRING_CATALOGS = YES;
				MTL_ENABLE_DEBUG_INFO = INCLUDE_SOURCE;
				MTL_FAST_MATH = YES;
				ONLY_ACTIVE_ARCH = YES;
				SDKROOT = iphoneos;
				SWIFT_ACTIVE_COMPILATION_CONDITIONS = "DEBUG $(inherited)";
				SWIFT_OPTIMIZATION_LEVEL = "-Onone";
			};
			name = Debug;
		};
		EE15C4642B56E18E00A8DE52 /* Release */ = {
			isa = XCBuildConfiguration;
			buildSettings = {
				ALWAYS_SEARCH_USER_PATHS = NO;
				ASSETCATALOG_COMPILER_GENERATE_SWIFT_ASSET_SYMBOL_EXTENSIONS = YES;
				CLANG_ANALYZER_NONNULL = YES;
				CLANG_ANALYZER_NUMBER_OBJECT_CONVERSION = YES_AGGRESSIVE;
				CLANG_CXX_LANGUAGE_STANDARD = "gnu++20";
				CLANG_ENABLE_MODULES = YES;
				CLANG_ENABLE_OBJC_ARC = YES;
				CLANG_ENABLE_OBJC_WEAK = YES;
				CLANG_WARN_BLOCK_CAPTURE_AUTORELEASING = YES;
				CLANG_WARN_BOOL_CONVERSION = YES;
				CLANG_WARN_COMMA = YES;
				CLANG_WARN_CONSTANT_CONVERSION = YES;
				CLANG_WARN_DEPRECATED_OBJC_IMPLEMENTATIONS = YES;
				CLANG_WARN_DIRECT_OBJC_ISA_USAGE = YES_ERROR;
				CLANG_WARN_DOCUMENTATION_COMMENTS = YES;
				CLANG_WARN_EMPTY_BODY = YES;
				CLANG_WARN_ENUM_CONVERSION = YES;
				CLANG_WARN_INFINITE_RECURSION = YES;
				CLANG_WARN_INT_CONVERSION = YES;
				CLANG_WARN_NON_LITERAL_NULL_CONVERSION = YES;
				CLANG_WARN_OBJC_IMPLICIT_RETAIN_SELF = YES;
				CLANG_WARN_OBJC_LITERAL_CONVERSION = YES;
				CLANG_WARN_OBJC_ROOT_CLASS = YES_ERROR;
				CLANG_WARN_QUOTED_INCLUDE_IN_FRAMEWORK_HEADER = YES;
				CLANG_WARN_RANGE_LOOP_ANALYSIS = YES;
				CLANG_WARN_STRICT_PROTOTYPES = YES;
				CLANG_WARN_SUSPICIOUS_MOVE = YES;
				CLANG_WARN_UNGUARDED_AVAILABILITY = YES_AGGRESSIVE;
				CLANG_WARN_UNREACHABLE_CODE = YES;
				CLANG_WARN__DUPLICATE_METHOD_MATCH = YES;
				COPY_PHASE_STRIP = NO;
				DEBUG_INFORMATION_FORMAT = "dwarf-with-dsym";
				ENABLE_NS_ASSERTIONS = NO;
				ENABLE_STRICT_OBJC_MSGSEND = YES;
				ENABLE_USER_SCRIPT_SANDBOXING = YES;
				GCC_C_LANGUAGE_STANDARD = gnu17;
				GCC_NO_COMMON_BLOCKS = YES;
				GCC_WARN_64_TO_32_BIT_CONVERSION = YES;
				GCC_WARN_ABOUT_RETURN_TYPE = YES_ERROR;
				GCC_WARN_UNDECLARED_SELECTOR = YES;
				GCC_WARN_UNINITIALIZED_AUTOS = YES_AGGRESSIVE;
				GCC_WARN_UNUSED_FUNCTION = YES;
				GCC_WARN_UNUSED_VARIABLE = YES;
				IPHONEOS_DEPLOYMENT_TARGET = 17.2;
				LOCALIZATION_PREFERS_STRING_CATALOGS = YES;
				MTL_ENABLE_DEBUG_INFO = NO;
				MTL_FAST_MATH = YES;
				SDKROOT = iphoneos;
				SWIFT_COMPILATION_MODE = wholemodule;
				VALIDATE_PRODUCT = YES;
			};
			name = Release;
		};
		EE15C4662B56E18E00A8DE52 /* Debug */ = {
			isa = XCBuildConfiguration;
			buildSettings = {
				ASSETCATALOG_COMPILER_APPICON_NAME = AppIcon;
				ASSETCATALOG_COMPILER_GLOBAL_ACCENT_COLOR_NAME = AccentColor;
				CODE_SIGN_STYLE = Automatic;
				CURRENT_PROJECT_VERSION = 1;
				DEVELOPMENT_ASSET_PATHS = "\"VetMyPet/Preview Content\"";
				DEVELOPMENT_TEAM = S5ZBBP3832;
				ENABLE_PREVIEWS = YES;
				GENERATE_INFOPLIST_FILE = YES;
				INFOPLIST_KEY_UIApplicationSceneManifest_Generation = YES;
				INFOPLIST_KEY_UIApplicationSupportsIndirectInputEvents = YES;
				INFOPLIST_KEY_UILaunchScreen_Generation = YES;
				INFOPLIST_KEY_UISupportedInterfaceOrientations_iPad = "UIInterfaceOrientationPortrait UIInterfaceOrientationPortraitUpsideDown UIInterfaceOrientationLandscapeLeft UIInterfaceOrientationLandscapeRight";
				INFOPLIST_KEY_UISupportedInterfaceOrientations_iPhone = "UIInterfaceOrientationPortrait UIInterfaceOrientationLandscapeLeft UIInterfaceOrientationLandscapeRight";
				LD_RUNPATH_SEARCH_PATHS = (
					"$(inherited)",
					"@executable_path/Frameworks",
				);
				MARKETING_VERSION = 1.0;
				PRODUCT_BUNDLE_IDENTIFIER = ogi.VetMyPet;
				PRODUCT_NAME = "$(TARGET_NAME)";
				SWIFT_EMIT_LOC_STRINGS = YES;
				SWIFT_VERSION = 5.0;
				TARGETED_DEVICE_FAMILY = "1,2";
			};
			name = Debug;
		};
		EE15C4672B56E18E00A8DE52 /* Release */ = {
			isa = XCBuildConfiguration;
			buildSettings = {
				ASSETCATALOG_COMPILER_APPICON_NAME = AppIcon;
				ASSETCATALOG_COMPILER_GLOBAL_ACCENT_COLOR_NAME = AccentColor;
				CODE_SIGN_STYLE = Automatic;
				CURRENT_PROJECT_VERSION = 1;
				DEVELOPMENT_ASSET_PATHS = "\"VetMyPet/Preview Content\"";
				DEVELOPMENT_TEAM = S5ZBBP3832;
				ENABLE_PREVIEWS = YES;
				GENERATE_INFOPLIST_FILE = YES;
				INFOPLIST_KEY_UIApplicationSceneManifest_Generation = YES;
				INFOPLIST_KEY_UIApplicationSupportsIndirectInputEvents = YES;
				INFOPLIST_KEY_UILaunchScreen_Generation = YES;
				INFOPLIST_KEY_UISupportedInterfaceOrientations_iPad = "UIInterfaceOrientationPortrait UIInterfaceOrientationPortraitUpsideDown UIInterfaceOrientationLandscapeLeft UIInterfaceOrientationLandscapeRight";
				INFOPLIST_KEY_UISupportedInterfaceOrientations_iPhone = "UIInterfaceOrientationPortrait UIInterfaceOrientationLandscapeLeft UIInterfaceOrientationLandscapeRight";
				LD_RUNPATH_SEARCH_PATHS = (
					"$(inherited)",
					"@executable_path/Frameworks",
				);
				MARKETING_VERSION = 1.0;
				PRODUCT_BUNDLE_IDENTIFIER = ogi.VetMyPet;
				PRODUCT_NAME = "$(TARGET_NAME)";
				SWIFT_EMIT_LOC_STRINGS = YES;
				SWIFT_VERSION = 5.0;
				TARGETED_DEVICE_FAMILY = "1,2";
			};
			name = Release;
		};
		EE15C4692B56E18E00A8DE52 /* Debug */ = {
			isa = XCBuildConfiguration;
			buildSettings = {
				ALWAYS_EMBED_SWIFT_STANDARD_LIBRARIES = YES;
				BUNDLE_LOADER = "$(TEST_HOST)";
				CODE_SIGN_STYLE = Automatic;
				CURRENT_PROJECT_VERSION = 1;
				DEVELOPMENT_TEAM = S5ZBBP3832;
				GENERATE_INFOPLIST_FILE = YES;
				IPHONEOS_DEPLOYMENT_TARGET = 17.2;
				MARKETING_VERSION = 1.0;
				PRODUCT_BUNDLE_IDENTIFIER = ogi.VetMyPetTests;
				PRODUCT_NAME = "$(TARGET_NAME)";
				SWIFT_EMIT_LOC_STRINGS = NO;
				SWIFT_VERSION = 5.0;
				TARGETED_DEVICE_FAMILY = "1,2";
				TEST_HOST = "$(BUILT_PRODUCTS_DIR)/VetMyPet.app/$(BUNDLE_EXECUTABLE_FOLDER_PATH)/VetMyPet";
			};
			name = Debug;
		};
		EE15C46A2B56E18E00A8DE52 /* Release */ = {
			isa = XCBuildConfiguration;
			buildSettings = {
				ALWAYS_EMBED_SWIFT_STANDARD_LIBRARIES = YES;
				BUNDLE_LOADER = "$(TEST_HOST)";
				CODE_SIGN_STYLE = Automatic;
				CURRENT_PROJECT_VERSION = 1;
				DEVELOPMENT_TEAM = S5ZBBP3832;
				GENERATE_INFOPLIST_FILE = YES;
				IPHONEOS_DEPLOYMENT_TARGET = 17.2;
				MARKETING_VERSION = 1.0;
				PRODUCT_BUNDLE_IDENTIFIER = ogi.VetMyPetTests;
				PRODUCT_NAME = "$(TARGET_NAME)";
				SWIFT_EMIT_LOC_STRINGS = NO;
				SWIFT_VERSION = 5.0;
				TARGETED_DEVICE_FAMILY = "1,2";
				TEST_HOST = "$(BUILT_PRODUCTS_DIR)/VetMyPet.app/$(BUNDLE_EXECUTABLE_FOLDER_PATH)/VetMyPet";
			};
			name = Release;
		};
		EE15C46C2B56E18E00A8DE52 /* Debug */ = {
			isa = XCBuildConfiguration;
			buildSettings = {
				ALWAYS_EMBED_SWIFT_STANDARD_LIBRARIES = YES;
				CODE_SIGN_STYLE = Automatic;
				CURRENT_PROJECT_VERSION = 1;
				DEVELOPMENT_TEAM = S5ZBBP3832;
				GENERATE_INFOPLIST_FILE = YES;
				MARKETING_VERSION = 1.0;
				PRODUCT_BUNDLE_IDENTIFIER = ogi.VetMyPetUITests;
				PRODUCT_NAME = "$(TARGET_NAME)";
				SWIFT_EMIT_LOC_STRINGS = NO;
				SWIFT_VERSION = 5.0;
				TARGETED_DEVICE_FAMILY = "1,2";
				TEST_TARGET_NAME = VetMyPet;
			};
			name = Debug;
		};
		EE15C46D2B56E18E00A8DE52 /* Release */ = {
			isa = XCBuildConfiguration;
			buildSettings = {
				ALWAYS_EMBED_SWIFT_STANDARD_LIBRARIES = YES;
				CODE_SIGN_STYLE = Automatic;
				CURRENT_PROJECT_VERSION = 1;
				DEVELOPMENT_TEAM = S5ZBBP3832;
				GENERATE_INFOPLIST_FILE = YES;
				MARKETING_VERSION = 1.0;
				PRODUCT_BUNDLE_IDENTIFIER = ogi.VetMyPetUITests;
				PRODUCT_NAME = "$(TARGET_NAME)";
				SWIFT_EMIT_LOC_STRINGS = NO;
				SWIFT_VERSION = 5.0;
				TARGETED_DEVICE_FAMILY = "1,2";
				TEST_TARGET_NAME = VetMyPet;
			};
			name = Release;
		};
/* End XCBuildConfiguration section */

/* Begin XCConfigurationList section */
		EE15C43C2B56E18D00A8DE52 /* Build configuration list for PBXProject "VetMyPet" */ = {
			isa = XCConfigurationList;
			buildConfigurations = (
				EE15C4632B56E18E00A8DE52 /* Debug */,
				EE15C4642B56E18E00A8DE52 /* Release */,
			);
			defaultConfigurationIsVisible = 0;
			defaultConfigurationName = Release;
		};
		EE15C4652B56E18E00A8DE52 /* Build configuration list for PBXNativeTarget "VetMyPet" */ = {
			isa = XCConfigurationList;
			buildConfigurations = (
				EE15C4662B56E18E00A8DE52 /* Debug */,
				EE15C4672B56E18E00A8DE52 /* Release */,
			);
			defaultConfigurationIsVisible = 0;
			defaultConfigurationName = Release;
		};
		EE15C4682B56E18E00A8DE52 /* Build configuration list for PBXNativeTarget "VetMyPetTests" */ = {
			isa = XCConfigurationList;
			buildConfigurations = (
				EE15C4692B56E18E00A8DE52 /* Debug */,
				EE15C46A2B56E18E00A8DE52 /* Release */,
			);
			defaultConfigurationIsVisible = 0;
			defaultConfigurationName = Release;
		};
		EE15C46B2B56E18E00A8DE52 /* Build configuration list for PBXNativeTarget "VetMyPetUITests" */ = {
			isa = XCConfigurationList;
			buildConfigurations = (
				EE15C46C2B56E18E00A8DE52 /* Debug */,
				EE15C46D2B56E18E00A8DE52 /* Release */,
			);
			defaultConfigurationIsVisible = 0;
			defaultConfigurationName = Release;
		};
/* End XCConfigurationList section */
	};
	rootObject = EE15C4392B56E18D00A8DE52 /* Project object */;
}
